
Microsoft Visual Studio Solution File, Format Version 12.00
# Visual Studio Version 17
VisualStudioVersion = 17.2.32630.192
MinimumVisualStudioVersion = 10.0.40219.1
Project("{FAE04EC0-301F-11D3-BF4B-00C04F79EFBC}") = "WebAPIDemo", "WebAPIDemo\WebAPIDemo.csproj", "{6BC94A88-63FB-4C81-9B29-619E3FBCBCD4}"
EndProject
Global
	GlobalSection(SolutionConfigurationPlatforms) = preSolution
		Debug|Any CPU = Debug|Any CPU
		Release|Any CPU = Release|Any CPU
	EndGlobalSection
	GlobalSection(ProjectConfigurationPlatforms) = postSolution
		{6BC94A88-63FB-4C81-9B29-619E3FBCBCD4}.Debug|Any CPU.ActiveCfg = Debug|Any CPU
		{6BC94A88-63FB-4C81-9B29-619E3FBCBCD4}.Debug|Any CPU.Build.0 = Debug|Any CPU
		{6BC94A88-63FB-4C81-9B29-619E3FBCBCD4}.Release|Any CPU.ActiveCfg = Release|Any CPU
		{6BC94A88-63FB-4C81-9B29-619E3FBCBCD4}.Release|Any CPU.Build.0 = Release|Any CPU
	EndGlobalSection
	GlobalSection(SolutionProperties) = preSolution
		HideSolutionNode = FALSE
	EndGlobalSection
	GlobalSection(ExtensibilityGlobals) = postSolution
		SolutionGuid = {F22ADF14-5637-4F52-8127-C9E0D6B4D6D6}
	EndGlobalSection
EndGlobal
